
Microsoft Visual Studio Solution File, Format Version 12.00
# Visual Studio Version 17
VisualStudioVersion = 17.9.34622.214
MinimumVisualStudioVersion = 10.0.40219.1
Project("{2150E333-8FDC-42A3-9474-1A3956D46DE8}") = "Services", "Services", "{EE0C73DD-D57B-4177-8548-48AE5F9E92E3}"
EndProject
Project("{2150E333-8FDC-42A3-9474-1A3956D46DE8}") = "Catalog", "Catalog", "{593EC9A3-1D93-481E-B3EA-C7A784A39F78}"
EndProject
Project("{9A19103F-16F7-4668-BE54-9A1E7A4F7556}") = "Catalog.API", "Services\Catalog\Catalog.API\Catalog.API.csproj", "{2DEF4AE6-A498-403B-A72D-DB667A64BF64}"
EndProject
Project("{2150E333-8FDC-42A3-9474-1A3956D46DE8}") = "BuildingBlocks", "BuildingBlocks", "{E14C94F1-2EC5-4302-A1AB-F835DCC1640F}"
EndProject
Project("{9A19103F-16F7-4668-BE54-9A1E7A4F7556}") = "BuildingBlocks", "BuildingBlocks\BuildingBlocks.csproj", "{D56A5CBA-64FC-42D7-9411-A2CF58160348}"
EndProject
Project("{E53339B2-1760-4266-BCC7-CA923CBCF16C}") = "docker-compose", "docker-compose.dcproj", "{B0FC7C74-FC91-4669-982E-324FCAF2323A}"
EndProject
Project("{2150E333-8FDC-42A3-9474-1A3956D46DE8}") = "Basket", "Basket", "{11FD9C71-A34B-491B-B0B7-74AB49D1AB26}"
EndProject
Project("{FAE04EC0-301F-11D3-BF4B-00C04F79EFBC}") = "Basket.API", "Services\Basket\Basket.API\Basket.API.csproj", "{889F22A6-C9F8-498A-8907-A46411813FF8}"
EndProject
Global
	GlobalSection(SolutionConfigurationPlatforms) = preSolution
		Debug|Any CPU = Debug|Any CPU
		Release|Any CPU = Release|Any CPU
	EndGlobalSection
	GlobalSection(ProjectConfigurationPlatforms) = postSolution
		{2DEF4AE6-A498-403B-A72D-DB667A64BF64}.Debug|Any CPU.ActiveCfg = Debug|Any CPU
		{2DEF4AE6-A498-403B-A72D-DB667A64BF64}.Debug|Any CPU.Build.0 = Debug|Any CPU
		{2DEF4AE6-A498-403B-A72D-DB667A64BF64}.Release|Any CPU.ActiveCfg = Release|Any CPU
		{2DEF4AE6-A498-403B-A72D-DB667A64BF64}.Release|Any CPU.Build.0 = Release|Any CPU
		{D56A5CBA-64FC-42D7-9411-A2CF58160348}.Debug|Any CPU.ActiveCfg = Debug|Any CPU
		{D56A5CBA-64FC-42D7-9411-A2CF58160348}.Debug|Any CPU.Build.0 = Debug|Any CPU
		{D56A5CBA-64FC-42D7-9411-A2CF58160348}.Release|Any CPU.ActiveCfg = Release|Any CPU
		{D56A5CBA-64FC-42D7-9411-A2CF58160348}.Release|Any CPU.Build.0 = Release|Any CPU
		{B0FC7C74-FC91-4669-982E-324FCAF2323A}.Debug|Any CPU.ActiveCfg = Debug|Any CPU
		{B0FC7C74-FC91-4669-982E-324FCAF2323A}.Debug|Any CPU.Build.0 = Debug|Any CPU
		{B0FC7C74-FC91-4669-982E-324FCAF2323A}.Release|Any CPU.ActiveCfg = Release|Any CPU
		{B0FC7C74-FC91-4669-982E-324FCAF2323A}.Release|Any CPU.Build.0 = Release|Any CPU
		{889F22A6-C9F8-498A-8907-A46411813FF8}.Debug|Any CPU.ActiveCfg = Debug|Any CPU
		{889F22A6-C9F8-498A-8907-A46411813FF8}.Debug|Any CPU.Build.0 = Debug|Any CPU
		{889F22A6-C9F8-498A-8907-A46411813FF8}.Release|Any CPU.ActiveCfg = Release|Any CPU
		{889F22A6-C9F8-498A-8907-A46411813FF8}.Release|Any CPU.Build.0 = Release|Any CPU
	EndGlobalSection
	GlobalSection(SolutionProperties) = preSolution
		HideSolutionNode = FALSE
	EndGlobalSection
	GlobalSection(NestedProjects) = preSolution
		{593EC9A3-1D93-481E-B3EA-C7A784A39F78} = {EE0C73DD-D57B-4177-8548-48AE5F9E92E3}
		{2DEF4AE6-A498-403B-A72D-DB667A64BF64} = {593EC9A3-1D93-481E-B3EA-C7A784A39F78}
		{D56A5CBA-64FC-42D7-9411-A2CF58160348} = {E14C94F1-2EC5-4302-A1AB-F835DCC1640F}
		{11FD9C71-A34B-491B-B0B7-74AB49D1AB26} = {EE0C73DD-D57B-4177-8548-48AE5F9E92E3}
		{889F22A6-C9F8-498A-8907-A46411813FF8} = {11FD9C71-A34B-491B-B0B7-74AB49D1AB26}
	EndGlobalSection
	GlobalSection(ExtensibilityGlobals) = postSolution
		SolutionGuid = {D399FA1A-3E9C-4543-809F-DF34E50346DF}
	EndGlobalSection
EndGlobal
